{
  "name": "backend",
  "version": "1.0.0",
  "lockfileVersion": 3,
  "requires": true,
  "packages": {
    "": {
      "name": "backend",
      "version": "1.0.0",
      "license": "ISC",
      "dependencies": {
        "@aws-sdk/client-dynamodb": "^3.1000.0",
        "@aws-sdk/lib-dynamodb": "^3.1000.0",
        "@types/node": "^20.19.35",
        "typescript": "^5.9.3",
        "zod": "^4.3.6"
      },
      "devDependencies": {
        "@types/aws-lambda": "^8.10.161"
      }
    },
    "../../node_modules/.pnpm/@aws-sdk+client-dynamodb@3.1000.0/node_modules/@aws-sdk/client-dynamodb": {
      "version": "3.1000.0",
      "license": "Apache-2.0",
      "dependencies": {
        "@aws-crypto/sha256-browser": "5.2.0",
        "@aws-crypto/sha256-js": "5.2.0",
        "@aws-sdk/core": "^3.973.15",
        "@aws-sdk/credential-provider-node": "^3.972.14",
        "@aws-sdk/dynamodb-codec": "^3.972.16",
        "@aws-sdk/middleware-endpoint-discovery": "^3.972.6",
        "@aws-sdk/middleware-host-header": "^3.972.6",
        "@aws-sdk/middleware-logger": "^3.972.6",
        "@aws-sdk/middleware-recursion-detection": "^3.972.6",
        "@aws-sdk/middleware-user-agent": "^3.972.15",
        "@aws-sdk/region-config-resolver": "^3.972.6",
        "@aws-sdk/types": "^3.973.4",
        "@aws-sdk/util-endpoints": "^3.996.3",
        "@aws-sdk/util-user-agent-browser": "^3.972.6",
        "@aws-sdk/util-user-agent-node": "^3.973.0",
        "@smithy/config-resolver": "^4.4.9",
        "@smithy/core": "^3.23.6",
        "@smithy/fetch-http-handler": "^5.3.11",
        "@smithy/hash-node": "^4.2.10",
        "@smithy/invalid-dependency": "^4.2.10",
        "@smithy/middleware-content-length": "^4.2.10",
        "@smithy/middleware-endpoint": "^4.4.20",
        "@smithy/middleware-retry": "^4.4.37",
        "@smithy/middleware-serde": "^4.2.11",
        "@smithy/middleware-stack": "^4.2.10",
        "@smithy/node-config-provider": "^4.3.10",
        "@smithy/node-http-handler": "^4.4.12",
        "@smithy/protocol-http": "^5.3.10",
        "@smithy/smithy-client": "^4.12.0",
        "@smithy/types": "^4.13.0",
        "@smithy/url-parser": "^4.2.10",
        "@smithy/util-base64": "^4.3.1",
        "@smithy/util-body-length-browser": "^4.2.1",
        "@smithy/util-body-length-node": "^4.2.2",
        "@smithy/util-defaults-mode-browser": "^4.3.36",
        "@smithy/util-defaults-mode-node": "^4.2.39",
        "@smithy/util-endpoints": "^3.3.1",
        "@smithy/util-middleware": "^4.2.10",
        "@smithy/util-retry": "^4.2.10",
        "@smithy/util-utf8": "^4.2.1",
        "@smithy/util-waiter": "^4.2.10",
        "tslib": "^2.6.2"
      },
      "devDependencies": {
        "@smithy/snapshot-testing": "^1.0.7",
        "@tsconfig/node20": "20.1.8",
        "@types/node": "^20.14.8",
        "concurrently": "7.0.0",
        "downlevel-dts": "0.10.1",
        "premove": "4.0.0",
        "typescript": "~5.8.3",
        "vitest": "^4.0.17"
      },
      "engines": {
        "node": ">=20.0.0"
      }
    },
    "../../node_modules/.pnpm/@aws-sdk+lib-dynamodb@3.100_0c192547e655cbfa17937f931baa7e29/node_modules/@aws-sdk/lib-dynamodb": {
      "version": "3.1000.0",
      "license": "Apache-2.0",
      "dependencies": {
        "@aws-sdk/core": "^3.973.15",
        "@aws-sdk/util-dynamodb": "^3.996.1",
        "@smithy/core": "^3.23.6",
        "@smithy/smithy-client": "^4.12.0",
        "@smithy/types": "^4.13.0",
        "tslib": "^2.6.2"
      },
      "devDependencies": {
        "@aws-sdk/client-dynamodb": "3.1000.0",
        "@tsconfig/recommended": "1.0.1",
        "@types/node": "^20.14.8",
        "concurrently": "7.0.0",
        "downlevel-dts": "0.10.1",
        "premove": "4.0.0",
        "typescript": "~5.8.3"
      },
      "engines": {
        "node": ">=20.0.0"
      },
      "peerDependencies": {
        "@aws-sdk/client-dynamodb": "^3.1000.0"
      }
    },
    "../../node_modules/.pnpm/@types+aws-lambda@8.10.161/node_modules/@types/aws-lambda": {
      "version": "8.10.161",
      "dev": true,
      "license": "MIT"
    },
    "../../node_modules/.pnpm/@types+node@20.19.35/node_modules/@types/node": {
      "version": "20.19.35",
      "license": "MIT",
      "dependencies": {
        "undici-types": "~6.21.0"
      }
    },
    "../../node_modules/.pnpm/typescript@5.9.3/node_modules/typescript": {
      "version": "5.9.3",
      "license": "Apache-2.0",
      "bin": {
        "tsc": "bin/tsc",
        "tsserver": "bin/tsserver"
      },
      "devDependencies": {
        "@dprint/formatter": "^0.4.1",
        "@dprint/typescript": "0.93.4",
        "@esfx/canceltoken": "^1.0.0",
        "@eslint/js": "^9.20.0",
        "@octokit/rest": "^21.1.1",
        "@types/chai": "^4.3.20",
        "@types/diff": "^7.0.1",
        "@types/minimist": "^1.2.5",
        "@types/mocha": "^10.0.10",
        "@types/ms": "^0.7.34",
        "@types/node": "latest",
        "@types/source-map-support": "^0.5.10",
        "@types/which": "^3.0.4",
        "@typescript-eslint/rule-tester": "^8.24.1",
        "@typescript-eslint/type-utils": "^8.24.1",
        "@typescript-eslint/utils": "^8.24.1",
        "azure-devops-node-api": "^14.1.0",
        "c8": "^10.1.3",
        "chai": "^4.5.0",
        "chokidar": "^4.0.3",
        "diff": "^7.0.0",
        "dprint": "^0.49.0",
        "esbuild": "^0.25.0",
        "eslint": "^9.20.1",
        "eslint-formatter-autolinkable-stylish": "^1.4.0",
        "eslint-plugin-regexp": "^2.7.0",
        "fast-xml-parser": "^4.5.2",
        "glob": "^10.4.5",
        "globals": "^15.15.0",
        "hereby": "^1.10.0",
        "jsonc-parser": "^3.3.1",
        "knip": "^5.44.4",
        "minimist": "^1.2.8",
        "mocha": "^10.8.2",
        "mocha-fivemat-progress-reporter": "^0.1.0",
        "monocart-coverage-reports": "^2.12.1",
        "ms": "^2.1.3",
        "picocolors": "^1.1.1",
        "playwright": "^1.50.1",
        "source-map-support": "^0.5.21",
        "tslib": "^2.8.1",
        "typescript": "^5.7.3",
        "typescript-eslint": "^8.24.1",
        "which": "^3.0.1"
      },
      "engines": {
        "node": ">=14.17"
      }
    },
    "node_modules/@aws-sdk/client-dynamodb": {
      "resolved": "../../node_modules/.pnpm/@aws-sdk+client-dynamodb@3.1000.0/node_modules/@aws-sdk/client-dynamodb",
      "link": true
    },
    "node_modules/@aws-sdk/lib-dynamodb": {
      "resolved": "../../node_modules/.pnpm/@aws-sdk+lib-dynamodb@3.100_0c192547e655cbfa17937f931baa7e29/node_modules/@aws-sdk/lib-dynamodb",
      "link": true
    },
    "node_modules/@types/aws-lambda": {
      "resolved": "../../node_modules/.pnpm/@types+aws-lambda@8.10.161/node_modules/@types/aws-lambda",
      "link": true
    },
    "node_modules/@types/node": {
      "resolved": "../../node_modules/.pnpm/@types+node@20.19.35/node_modules/@types/node",
      "link": true
    },
    "node_modules/typescript": {
      "resolved": "../../node_modules/.pnpm/typescript@5.9.3/node_modules/typescript",
      "link": true
    },
    "node_modules/zod": {
      "version": "4.3.6",
      "resolved": "https://registry.npmjs.org/zod/-/zod-4.3.6.tgz",
      "integrity": "sha512-rftlrkhHZOcjDwkGlnUtZZkvaPHCsDATp4pGpuOOMDaTdDDXF91wuVDJoWoPsKX/3YPQ5fHuF3STjcYyKr+Qhg==",
      "license": "MIT",
      "funding": {
        "url": "https://github.com/sponsors/colinhacks"
      }
    }
  }
}
